
Microsoft Visual Studio Solution File, Format Version 12.00
# Visual Studio Version 16
VisualStudioVersion = 16.0.31129.286
MinimumVisualStudioVersion = 10.0.40219.1
Project("{FAE04EC0-301F-11D3-BF4B-00C04F79EFBC}") = "InterfacesDidorenko", "InterfacesDidorenko.csproj", "{2F84F22F-B38F-4CEB-B455-FBB08FCED33E}"
EndProject
Global
	GlobalSection(SolutionConfigurationPlatforms) = preSolution
		Debug|Any CPU = Debug|Any CPU
		Release|Any CPU = Release|Any CPU
	EndGlobalSection
	GlobalSection(ProjectConfigurationPlatforms) = postSolution
		{2F84F22F-B38F-4CEB-B455-FBB08FCED33E}.Debug|Any CPU.ActiveCfg = Debug|Any CPU
		{2F84F22F-B38F-4CEB-B455-FBB08FCED33E}.Debug|Any CPU.Build.0 = Debug|Any CPU
		{2F84F22F-B38F-4CEB-B455-FBB08FCED33E}.Release|Any CPU.ActiveCfg = Release|Any CPU
		{2F84F22F-B38F-4CEB-B455-FBB08FCED33E}.Release|Any CPU.Build.0 = Release|Any CPU
	EndGlobalSection
	GlobalSection(SolutionProperties) = preSolution
		HideSolutionNode = FALSE
	EndGlobalSection
	GlobalSection(ExtensibilityGlobals) = postSolution
		SolutionGuid = {DF529706-1C4B-4A0F-A683-9F2C0808EB61}
	EndGlobalSection
EndGlobal
